
Microsoft Visual Studio Solution File, Format Version 12.00
# Visual Studio 15
VisualStudioVersion = 15.0.28307.779
MinimumVisualStudioVersion = 10.0.40219.1
Project("{FAE04EC0-301F-11D3-BF4B-00C04F79EFBC}") = "SimpleException", "SimpleException\SimpleException.csproj", "{98D89879-8C1E-4F15-B6F6-2A1711D0CE3A}"
EndProject
Global
	GlobalSection(SolutionConfigurationPlatforms) = preSolution
		Debug|Any CPU = Debug|Any CPU
		Release|Any CPU = Release|Any CPU
	EndGlobalSection
	GlobalSection(ProjectConfigurationPlatforms) = postSolution
		{98D89879-8C1E-4F15-B6F6-2A1711D0CE3A}.Debug|Any CPU.ActiveCfg = Debug|Any CPU
		{98D89879-8C1E-4F15-B6F6-2A1711D0CE3A}.Debug|Any CPU.Build.0 = Debug|Any CPU
		{98D89879-8C1E-4F15-B6F6-2A1711D0CE3A}.Release|Any CPU.ActiveCfg = Release|Any CPU
		{98D89879-8C1E-4F15-B6F6-2A1711D0CE3A}.Release|Any CPU.Build.0 = Release|Any CPU
	EndGlobalSection
	GlobalSection(SolutionProperties) = preSolution
		HideSolutionNode = FALSE
	EndGlobalSection
	GlobalSection(ExtensibilityGlobals) = postSolution
		SolutionGuid = {5560D963-5DF7-4ACC-B6F3-C23D57AFF344}
	EndGlobalSection
EndGlobal
